
Microsoft Visual Studio Solution File, Format Version 12.00
# Visual Studio Version 17
VisualStudioVersion = 17.13.35931.197
MinimumVisualStudioVersion = 10.0.40219.1
Project("{FAE04EC0-301F-11D3-BF4B-00C04F79EFBC}") = "Learn", "Learn\Learn.csproj", "{8044B34B-DEAE-463E-9A3A-1861D07F4AE4}"
EndProject
Project("{FAE04EC0-301F-11D3-BF4B-00C04F79EFBC}") = "ClassLibrary2", "ClassLibrary2\ClassLibrary2.csproj", "{E5B4CFC6-8E1A-45D1-B218-FC8EFE8E746A}"
EndProject
Project("{FAE04EC0-301F-11D3-BF4B-00C04F79EFBC}") = "BusinessLogics", "BusinessLogics\BusinessLogics.csproj", "{A3293D3D-CA63-4F69-99AC-BF7CE0BA9ED2}"
EndProject
Project("{FAE04EC0-301F-11D3-BF4B-00C04F79EFBC}") = "BussinessObject", "BuisnessObject\BussinessObject.csproj", "{638A19AA-67B2-49CF-882B-EDCF3C05C4CB}"
EndProject
Global
	GlobalSection(SolutionConfigurationPlatforms) = preSolution
		Debug|Any CPU = Debug|Any CPU
		Release|Any CPU = Release|Any CPU
	EndGlobalSection
	GlobalSection(ProjectConfigurationPlatforms) = postSolution
		{8044B34B-DEAE-463E-9A3A-1861D07F4AE4}.Debug|Any CPU.ActiveCfg = Debug|Any CPU
		{8044B34B-DEAE-463E-9A3A-1861D07F4AE4}.Debug|Any CPU.Build.0 = Debug|Any CPU
		{8044B34B-DEAE-463E-9A3A-1861D07F4AE4}.Release|Any CPU.ActiveCfg = Release|Any CPU
		{8044B34B-DEAE-463E-9A3A-1861D07F4AE4}.Release|Any CPU.Build.0 = Release|Any CPU
		{E5B4CFC6-8E1A-45D1-B218-FC8EFE8E746A}.Debug|Any CPU.ActiveCfg = Debug|Any CPU
		{E5B4CFC6-8E1A-45D1-B218-FC8EFE8E746A}.Debug|Any CPU.Build.0 = Debug|Any CPU
		{E5B4CFC6-8E1A-45D1-B218-FC8EFE8E746A}.Release|Any CPU.ActiveCfg = Release|Any CPU
		{E5B4CFC6-8E1A-45D1-B218-FC8EFE8E746A}.Release|Any CPU.Build.0 = Release|Any CPU
		{A3293D3D-CA63-4F69-99AC-BF7CE0BA9ED2}.Debug|Any CPU.ActiveCfg = Debug|Any CPU
		{A3293D3D-CA63-4F69-99AC-BF7CE0BA9ED2}.Debug|Any CPU.Build.0 = Debug|Any CPU
		{A3293D3D-CA63-4F69-99AC-BF7CE0BA9ED2}.Release|Any CPU.ActiveCfg = Release|Any CPU
		{A3293D3D-CA63-4F69-99AC-BF7CE0BA9ED2}.Release|Any CPU.Build.0 = Release|Any CPU
		{638A19AA-67B2-49CF-882B-EDCF3C05C4CB}.Debug|Any CPU.ActiveCfg = Debug|Any CPU
		{638A19AA-67B2-49CF-882B-EDCF3C05C4CB}.Debug|Any CPU.Build.0 = Debug|Any CPU
		{638A19AA-67B2-49CF-882B-EDCF3C05C4CB}.Release|Any CPU.ActiveCfg = Release|Any CPU
		{638A19AA-67B2-49CF-882B-EDCF3C05C4CB}.Release|Any CPU.Build.0 = Release|Any CPU
	EndGlobalSection
	GlobalSection(SolutionProperties) = preSolution
		HideSolutionNode = FALSE
	EndGlobalSection
	GlobalSection(ExtensibilityGlobals) = postSolution
		SolutionGuid = {DA96B42A-77A6-4D71-B17E-D2B03BFD73D6}
	EndGlobalSection
EndGlobal
